
Microsoft Visual Studio Solution File, Format Version 12.00
# Visual Studio Version 16
VisualStudioVersion = 16.0.29613.14
MinimumVisualStudioVersion = 10.0.40219.1
Project("{FAE04EC0-301F-11D3-BF4B-00C04F79EFBC}") = "Roguelike", "Roguelike\Roguelike.csproj", "{9FFFF311-9A90-4307-B296-42002D868C21}"
EndProject
Global
	GlobalSection(SolutionConfigurationPlatforms) = preSolution
		Debug|Any CPU = Debug|Any CPU
		Release|Any CPU = Release|Any CPU
	EndGlobalSection
	GlobalSection(ProjectConfigurationPlatforms) = postSolution
		{9FFFF311-9A90-4307-B296-42002D868C21}.Debug|Any CPU.ActiveCfg = Debug|Any CPU
		{9FFFF311-9A90-4307-B296-42002D868C21}.Debug|Any CPU.Build.0 = Debug|Any CPU
		{9FFFF311-9A90-4307-B296-42002D868C21}.Release|Any CPU.ActiveCfg = Release|Any CPU
		{9FFFF311-9A90-4307-B296-42002D868C21}.Release|Any CPU.Build.0 = Release|Any CPU
	EndGlobalSection
	GlobalSection(SolutionProperties) = preSolution
		HideSolutionNode = FALSE
	EndGlobalSection
	GlobalSection(ExtensibilityGlobals) = postSolution
		SolutionGuid = {14169520-DFA6-47B0-AB5E-A8459791A4DC}
	EndGlobalSection
EndGlobal
